
Microsoft Visual Studio Solution File, Format Version 12.00
# Visual Studio Version 16
VisualStudioVersion = 16.0.29102.190
MinimumVisualStudioVersion = 10.0.40219.1
Project("{9A19103F-16F7-4668-BE54-9A1E7A4F7556}") = "ExpenseTracker.Domain", "ExpenseTracker.Domain\ExpenseTracker.Domain.csproj", "{C793A64F-8B32-4D9B-ADF4-81159A45CFC9}"
EndProject
Project("{9A19103F-16F7-4668-BE54-9A1E7A4F7556}") = "ExpenseTracker.Application", "ExpenseTracker.Application\ExpenseTracker.Application.csproj", "{C7F0F865-EB8C-4A49-91A5-8C201548C654}"
EndProject
Project("{9A19103F-16F7-4668-BE54-9A1E7A4F7556}") = "ExpenseTracker.Infrastructure", "ExpenseTracker.Infrastructure\ExpenseTracker.Infrastructure.csproj", "{48A1C288-5B4C-4E85-AB5E-A4E7BFC7767B}"
EndProject
Project("{9A19103F-16F7-4668-BE54-9A1E7A4F7556}") = "ExpenseTracker.Persistence", "ExpenseTracker.Persistence\ExpenseTracker.Persistence.csproj", "{270C1A87-DBDB-4CD9-BC2E-FE463BF8F94B}"
EndProject
Project("{9A19103F-16F7-4668-BE54-9A1E7A4F7556}") = "ExpenseTracker.Api", "ExpenseTracker.Api\ExpenseTracker.Api.csproj", "{AA2B8BCF-034D-4922-B902-AA99B6818A60}"
EndProject
Project("{2150E333-8FDC-42A3-9474-1A3956D46DE8}") = "src", "src", "{D177C0A1-8384-41DB-A02C-2F59542D05F5}"
EndProject
Project("{2150E333-8FDC-42A3-9474-1A3956D46DE8}") = "tests", "tests", "{07C75F7E-0CA3-4BC4-A32C-D320AB727F44}"
EndProject
Project("{FAE04EC0-301F-11D3-BF4B-00C04F79EFBC}") = "ExpenseTracker.Domain.Tests", "ExpenseTracker.Domain.Tests\ExpenseTracker.Domain.Tests.csproj", "{8FDACD78-A13F-4E6A-8502-315997B0EDEF}"
EndProject
Project("{FAE04EC0-301F-11D3-BF4B-00C04F79EFBC}") = "ExpenseTracker.Application.Tests", "ExpenseTracker.Application.Tests\ExpenseTracker.Application.Tests.csproj", "{51F0C713-C61A-444D-B855-3BBC437F1544}"
EndProject
Global
	GlobalSection(SolutionConfigurationPlatforms) = preSolution
		Debug|Any CPU = Debug|Any CPU
		Release|Any CPU = Release|Any CPU
	EndGlobalSection
	GlobalSection(ProjectConfigurationPlatforms) = postSolution
		{C793A64F-8B32-4D9B-ADF4-81159A45CFC9}.Debug|Any CPU.ActiveCfg = Debug|Any CPU
		{C793A64F-8B32-4D9B-ADF4-81159A45CFC9}.Debug|Any CPU.Build.0 = Debug|Any CPU
		{C793A64F-8B32-4D9B-ADF4-81159A45CFC9}.Release|Any CPU.ActiveCfg = Release|Any CPU
		{C793A64F-8B32-4D9B-ADF4-81159A45CFC9}.Release|Any CPU.Build.0 = Release|Any CPU
		{C7F0F865-EB8C-4A49-91A5-8C201548C654}.Debug|Any CPU.ActiveCfg = Debug|Any CPU
		{C7F0F865-EB8C-4A49-91A5-8C201548C654}.Debug|Any CPU.Build.0 = Debug|Any CPU
		{C7F0F865-EB8C-4A49-91A5-8C201548C654}.Release|Any CPU.ActiveCfg = Release|Any CPU
		{C7F0F865-EB8C-4A49-91A5-8C201548C654}.Release|Any CPU.Build.0 = Release|Any CPU
		{48A1C288-5B4C-4E85-AB5E-A4E7BFC7767B}.Debug|Any CPU.ActiveCfg = Debug|Any CPU
		{48A1C288-5B4C-4E85-AB5E-A4E7BFC7767B}.Debug|Any CPU.Build.0 = Debug|Any CPU
		{48A1C288-5B4C-4E85-AB5E-A4E7BFC7767B}.Release|Any CPU.ActiveCfg = Release|Any CPU
		{48A1C288-5B4C-4E85-AB5E-A4E7BFC7767B}.Release|Any CPU.Build.0 = Release|Any CPU
		{270C1A87-DBDB-4CD9-BC2E-FE463BF8F94B}.Debug|Any CPU.ActiveCfg = Debug|Any CPU
		{270C1A87-DBDB-4CD9-BC2E-FE463BF8F94B}.Debug|Any CPU.Build.0 = Debug|Any CPU
		{270C1A87-DBDB-4CD9-BC2E-FE463BF8F94B}.Release|Any CPU.ActiveCfg = Release|Any CPU
		{270C1A87-DBDB-4CD9-BC2E-FE463BF8F94B}.Release|Any CPU.Build.0 = Release|Any CPU
		{AA2B8BCF-034D-4922-B902-AA99B6818A60}.Debug|Any CPU.ActiveCfg = Debug|Any CPU
		{AA2B8BCF-034D-4922-B902-AA99B6818A60}.Debug|Any CPU.Build.0 = Debug|Any CPU
		{AA2B8BCF-034D-4922-B902-AA99B6818A60}.Release|Any CPU.ActiveCfg = Release|Any CPU
		{AA2B8BCF-034D-4922-B902-AA99B6818A60}.Release|Any CPU.Build.0 = Release|Any CPU
		{8FDACD78-A13F-4E6A-8502-315997B0EDEF}.Debug|Any CPU.ActiveCfg = Debug|Any CPU
		{8FDACD78-A13F-4E6A-8502-315997B0EDEF}.Debug|Any CPU.Build.0 = Debug|Any CPU
		{8FDACD78-A13F-4E6A-8502-315997B0EDEF}.Release|Any CPU.ActiveCfg = Release|Any CPU
		{8FDACD78-A13F-4E6A-8502-315997B0EDEF}.Release|Any CPU.Build.0 = Release|Any CPU
		{51F0C713-C61A-444D-B855-3BBC437F1544}.Debug|Any CPU.ActiveCfg = Debug|Any CPU
		{51F0C713-C61A-444D-B855-3BBC437F1544}.Debug|Any CPU.Build.0 = Debug|Any CPU
		{51F0C713-C61A-444D-B855-3BBC437F1544}.Release|Any CPU.ActiveCfg = Release|Any CPU
		{51F0C713-C61A-444D-B855-3BBC437F1544}.Release|Any CPU.Build.0 = Release|Any CPU
	EndGlobalSection
	GlobalSection(SolutionProperties) = preSolution
		HideSolutionNode = FALSE
	EndGlobalSection
	GlobalSection(NestedProjects) = preSolution
		{C793A64F-8B32-4D9B-ADF4-81159A45CFC9} = {D177C0A1-8384-41DB-A02C-2F59542D05F5}
		{C7F0F865-EB8C-4A49-91A5-8C201548C654} = {D177C0A1-8384-41DB-A02C-2F59542D05F5}
		{48A1C288-5B4C-4E85-AB5E-A4E7BFC7767B} = {D177C0A1-8384-41DB-A02C-2F59542D05F5}
		{270C1A87-DBDB-4CD9-BC2E-FE463BF8F94B} = {D177C0A1-8384-41DB-A02C-2F59542D05F5}
		{AA2B8BCF-034D-4922-B902-AA99B6818A60} = {D177C0A1-8384-41DB-A02C-2F59542D05F5}
		{8FDACD78-A13F-4E6A-8502-315997B0EDEF} = {07C75F7E-0CA3-4BC4-A32C-D320AB727F44}
		{51F0C713-C61A-444D-B855-3BBC437F1544} = {07C75F7E-0CA3-4BC4-A32C-D320AB727F44}
	EndGlobalSection
	GlobalSection(ExtensibilityGlobals) = postSolution
		SolutionGuid = {364573BA-C087-4193-B41E-3DAAF44B09FC}
	EndGlobalSection
EndGlobal
