
Microsoft Visual Studio Solution File, Format Version 12.00
# Visual Studio Version 16
VisualStudioVersion = 16.0.29102.190
MinimumVisualStudioVersion = 10.0.40219.1
Project("{2150E333-8FDC-42A3-9474-1A3956D46DE8}") = "src", "src", "{D177C0A1-8384-41DB-A02C-2F59542D05F5}"
EndProject
Project("{2150E333-8FDC-42A3-9474-1A3956D46DE8}") = "tests", "tests", "{07C75F7E-0CA3-4BC4-A32C-D320AB727F44}"
EndProject
Project("{2150E333-8FDC-42A3-9474-1A3956D46DE8}") = "Api", "Api", "{B144FD6C-A377-492A-A422-8FEBF2B7E5E0}"
EndProject
Project("{2150E333-8FDC-42A3-9474-1A3956D46DE8}") = "Core", "Core", "{A13B731F-859F-42E6-A052-12B2A0F27A45}"
EndProject
Project("{2150E333-8FDC-42A3-9474-1A3956D46DE8}") = "Infrastructure", "Infrastructure", "{76C89AEF-4E57-4FA9-8F93-C1A574823D5B}"
EndProject
Project("{2150E333-8FDC-42A3-9474-1A3956D46DE8}") = "Presentation", "Presentation", "{267DEBB7-C05B-45D4-8EE0-021FC70F30F5}"
EndProject
Project("{9A19103F-16F7-4668-BE54-9A1E7A4F7556}") = "Application", "Application\Application.csproj", "{BB28A122-9D44-42A4-BD6C-69DBCA85566D}"
EndProject
Project("{9A19103F-16F7-4668-BE54-9A1E7A4F7556}") = "Domain", "Domain\Domain.csproj", "{DF6C2F35-1421-4A12-80F9-8540AD6E5A97}"
EndProject
Project("{9A19103F-16F7-4668-BE54-9A1E7A4F7556}") = "Api", "Api\Api.csproj", "{B6852627-6ADC-40ED-A15F-FFDEF9844F1B}"
EndProject
Project("{9A19103F-16F7-4668-BE54-9A1E7A4F7556}") = "Infrastructure", "Infrastructure\Infrastructure.csproj", "{E95B6878-5598-4DCB-A0A4-7F507F229138}"
EndProject
Project("{9A19103F-16F7-4668-BE54-9A1E7A4F7556}") = "Persistence", "Persistence\Persistence.csproj", "{30D4E8EE-A56E-4019-8D96-5FE14B888C8A}"
EndProject
Project("{9A19103F-16F7-4668-BE54-9A1E7A4F7556}") = "Persistence.RavenDb", "Persistence.RavenDb\Persistence.RavenDb.csproj", "{133D663E-C8E2-4530-9422-B70A60062171}"
EndProject
Project("{9A19103F-16F7-4668-BE54-9A1E7A4F7556}") = "Presentation", "Presentation\Presentation.csproj", "{354AB923-AD1D-40E9-90FB-3BA190218FF6}"
EndProject
Project("{9A19103F-16F7-4668-BE54-9A1E7A4F7556}") = "Domain.UnitTests", "Domain.UnitTests\Domain.UnitTests.csproj", "{A331EA5C-D302-4EB8-8D0B-37D03105B16C}"
EndProject
Project("{9A19103F-16F7-4668-BE54-9A1E7A4F7556}") = "Application.UnitTests", "Application.UnitTests\Application.UnitTests.csproj", "{2F6322D6-B1EA-4B3F-928F-462DCA2F4AFD}"
EndProject
Global
	GlobalSection(SolutionConfigurationPlatforms) = preSolution
		Debug|Any CPU = Debug|Any CPU
		Release|Any CPU = Release|Any CPU
	EndGlobalSection
	GlobalSection(ProjectConfigurationPlatforms) = postSolution
		{BB28A122-9D44-42A4-BD6C-69DBCA85566D}.Debug|Any CPU.ActiveCfg = Debug|Any CPU
		{BB28A122-9D44-42A4-BD6C-69DBCA85566D}.Debug|Any CPU.Build.0 = Debug|Any CPU
		{BB28A122-9D44-42A4-BD6C-69DBCA85566D}.Release|Any CPU.ActiveCfg = Release|Any CPU
		{BB28A122-9D44-42A4-BD6C-69DBCA85566D}.Release|Any CPU.Build.0 = Release|Any CPU
		{DF6C2F35-1421-4A12-80F9-8540AD6E5A97}.Debug|Any CPU.ActiveCfg = Debug|Any CPU
		{DF6C2F35-1421-4A12-80F9-8540AD6E5A97}.Debug|Any CPU.Build.0 = Debug|Any CPU
		{DF6C2F35-1421-4A12-80F9-8540AD6E5A97}.Release|Any CPU.ActiveCfg = Release|Any CPU
		{DF6C2F35-1421-4A12-80F9-8540AD6E5A97}.Release|Any CPU.Build.0 = Release|Any CPU
		{B6852627-6ADC-40ED-A15F-FFDEF9844F1B}.Debug|Any CPU.ActiveCfg = Debug|Any CPU
		{B6852627-6ADC-40ED-A15F-FFDEF9844F1B}.Debug|Any CPU.Build.0 = Debug|Any CPU
		{B6852627-6ADC-40ED-A15F-FFDEF9844F1B}.Release|Any CPU.ActiveCfg = Release|Any CPU
		{B6852627-6ADC-40ED-A15F-FFDEF9844F1B}.Release|Any CPU.Build.0 = Release|Any CPU
		{E95B6878-5598-4DCB-A0A4-7F507F229138}.Debug|Any CPU.ActiveCfg = Debug|Any CPU
		{E95B6878-5598-4DCB-A0A4-7F507F229138}.Debug|Any CPU.Build.0 = Debug|Any CPU
		{E95B6878-5598-4DCB-A0A4-7F507F229138}.Release|Any CPU.ActiveCfg = Release|Any CPU
		{E95B6878-5598-4DCB-A0A4-7F507F229138}.Release|Any CPU.Build.0 = Release|Any CPU
		{30D4E8EE-A56E-4019-8D96-5FE14B888C8A}.Debug|Any CPU.ActiveCfg = Debug|Any CPU
		{30D4E8EE-A56E-4019-8D96-5FE14B888C8A}.Debug|Any CPU.Build.0 = Debug|Any CPU
		{30D4E8EE-A56E-4019-8D96-5FE14B888C8A}.Release|Any CPU.ActiveCfg = Release|Any CPU
		{30D4E8EE-A56E-4019-8D96-5FE14B888C8A}.Release|Any CPU.Build.0 = Release|Any CPU
		{133D663E-C8E2-4530-9422-B70A60062171}.Debug|Any CPU.ActiveCfg = Debug|Any CPU
		{133D663E-C8E2-4530-9422-B70A60062171}.Debug|Any CPU.Build.0 = Debug|Any CPU
		{133D663E-C8E2-4530-9422-B70A60062171}.Release|Any CPU.ActiveCfg = Release|Any CPU
		{133D663E-C8E2-4530-9422-B70A60062171}.Release|Any CPU.Build.0 = Release|Any CPU
		{354AB923-AD1D-40E9-90FB-3BA190218FF6}.Debug|Any CPU.ActiveCfg = Debug|Any CPU
		{354AB923-AD1D-40E9-90FB-3BA190218FF6}.Debug|Any CPU.Build.0 = Debug|Any CPU
		{354AB923-AD1D-40E9-90FB-3BA190218FF6}.Release|Any CPU.ActiveCfg = Release|Any CPU
		{354AB923-AD1D-40E9-90FB-3BA190218FF6}.Release|Any CPU.Build.0 = Release|Any CPU
		{A331EA5C-D302-4EB8-8D0B-37D03105B16C}.Debug|Any CPU.ActiveCfg = Debug|Any CPU
		{A331EA5C-D302-4EB8-8D0B-37D03105B16C}.Debug|Any CPU.Build.0 = Debug|Any CPU
		{A331EA5C-D302-4EB8-8D0B-37D03105B16C}.Release|Any CPU.ActiveCfg = Release|Any CPU
		{A331EA5C-D302-4EB8-8D0B-37D03105B16C}.Release|Any CPU.Build.0 = Release|Any CPU
		{2F6322D6-B1EA-4B3F-928F-462DCA2F4AFD}.Debug|Any CPU.ActiveCfg = Debug|Any CPU
		{2F6322D6-B1EA-4B3F-928F-462DCA2F4AFD}.Debug|Any CPU.Build.0 = Debug|Any CPU
		{2F6322D6-B1EA-4B3F-928F-462DCA2F4AFD}.Release|Any CPU.ActiveCfg = Release|Any CPU
		{2F6322D6-B1EA-4B3F-928F-462DCA2F4AFD}.Release|Any CPU.Build.0 = Release|Any CPU
	EndGlobalSection
	GlobalSection(SolutionProperties) = preSolution
		HideSolutionNode = FALSE
	EndGlobalSection
	GlobalSection(NestedProjects) = preSolution
		{B144FD6C-A377-492A-A422-8FEBF2B7E5E0} = {D177C0A1-8384-41DB-A02C-2F59542D05F5}
		{A13B731F-859F-42E6-A052-12B2A0F27A45} = {D177C0A1-8384-41DB-A02C-2F59542D05F5}
		{76C89AEF-4E57-4FA9-8F93-C1A574823D5B} = {D177C0A1-8384-41DB-A02C-2F59542D05F5}
		{267DEBB7-C05B-45D4-8EE0-021FC70F30F5} = {D177C0A1-8384-41DB-A02C-2F59542D05F5}
		{BB28A122-9D44-42A4-BD6C-69DBCA85566D} = {A13B731F-859F-42E6-A052-12B2A0F27A45}
		{DF6C2F35-1421-4A12-80F9-8540AD6E5A97} = {A13B731F-859F-42E6-A052-12B2A0F27A45}
		{B6852627-6ADC-40ED-A15F-FFDEF9844F1B} = {B144FD6C-A377-492A-A422-8FEBF2B7E5E0}
		{E95B6878-5598-4DCB-A0A4-7F507F229138} = {76C89AEF-4E57-4FA9-8F93-C1A574823D5B}
		{30D4E8EE-A56E-4019-8D96-5FE14B888C8A} = {76C89AEF-4E57-4FA9-8F93-C1A574823D5B}
		{133D663E-C8E2-4530-9422-B70A60062171} = {76C89AEF-4E57-4FA9-8F93-C1A574823D5B}
		{354AB923-AD1D-40E9-90FB-3BA190218FF6} = {267DEBB7-C05B-45D4-8EE0-021FC70F30F5}
		{A331EA5C-D302-4EB8-8D0B-37D03105B16C} = {07C75F7E-0CA3-4BC4-A32C-D320AB727F44}
		{2F6322D6-B1EA-4B3F-928F-462DCA2F4AFD} = {07C75F7E-0CA3-4BC4-A32C-D320AB727F44}
	EndGlobalSection
	GlobalSection(ExtensibilityGlobals) = postSolution
		SolutionGuid = {364573BA-C087-4193-B41E-3DAAF44B09FC}
	EndGlobalSection
EndGlobal
